github.com/klauspost/cpuid/v2 v2.0.6 h1:dQ5ueTiftKxp0gyjKSx5+8BtPWkyQbd95m8Gys/RarI=
github.com/klauspost/cpuid/v2 v2.0.6/go.mod h1:FInQzS24/EEf25PyTYn52gqo7WaD8xa0213Md/qVLRg=
github.com/segmentio/asm v1.0.1 h1:g9VK62hXylgXI4yJV+dLTu/1j7kTxG9bkUSYBxL9dpg=
github.com/segmentio/asm v1.0.1/go.mod h1:4EUJGaKsB8ImLUwOGORVsNd9vTRDeh44JGsY4aKp5I4=
