github.com/segmentio/asm v1.1.2 h1:AqF5GZe7ea+STIn7wnhPZJ0RANYndrphebwtOmceahw=
github.com/segmentio/asm v1.1.2/go.mod h1:Ld3L4ZXGNcSLRg4JBsZ3//1+f/TjYl0Mzen/DQy1EJg=
github.com/segmentio/asm v1.1.3-0.20211208013735-fe35271d3e6a h1:oIyAxhrYLerXe0pmSkzN1jQNghOW/d7IXZDBaXmzBwo=
github.com/segmentio/asm v1.1.3-0.20211208013735-fe35271d3e6a/go.mod h1:Ld3L4ZXGNcSLRg4JBsZ3//1+f/TjYl0Mzen/DQy1EJg=
golang.org/x/sys v0.0.0-20211110154304-99a53858aa08 h1:WecRHqgE09JBkh/584XIE6PMz5KKE/vER4izNUi30AQ=
golang.org/x/sys v0.0.0-20211110154304-99a53858aa08/go.mod h1:oPkhp1MJrh7nUepCBck5+mAzfO9JrbApNNgaTdGDITg=
